lockfileVersion: '9.0'

settings:
  autoInstallPeers: true
  excludeLinksFromLockfile: false

importers:

  .:
    dependencies:
      '@vercel/otel':
        specifier: ^1.8.3
        version: 1.8.3(@opentelemetry/api-logs@0.46.0)(@opentelemetry/api@1.9.0)(@opentelemetry/instrumentation@0.46.0(@opentelemetry/api@1.9.0))(@opentelemetry/resources@1.25.1(@opentelemetry/api@1.9.0))(@opentelemetry/sdk-logs@0.46.0(@opentelemetry/api-logs@0.46.0)(@opentelemetry/api@1.9.0))(@opentelemetry/sdk-metrics@1.25.1(@opentelemetry/api@1.9.0))(@opentelemetry/sdk-trace-base@1.25.1(@opentelemetry/api@1.9.0))
      next:
        specifier: 14.2.4
        version: 14.2.4(@opentelemetry/api@1.9.0)(react-dom@19.0.0-rc-6f23540c7d-20240528(react@19.0.0-rc-6f23540c7d-20240528))(react@19.0.0-rc-6f23540c7d-20240528)
      react:
        specifier: 19.0.0-rc-6f23540c7d-20240528
        version: 19.0.0-rc-6f23540c7d-20240528
      react-dom:
        specifier: 19.0.0-rc-6f23540c7d-20240528
        version: 19.0.0-rc-6f23540c7d-20240528(react@19.0.0-rc-6f23540c7d-20240528)
    devDependencies:
      '@types/node':
        specifier: 20.12.12
        version: 20.12.12
      '@types/react':
        specifier: 18.3.3
        version: 18.3.3
      '@types/react-dom':
        specifier: 18.3.0
        version: 18.3.0
      typescript:
        specifier: 5.3.3
        version: 5.3.3

packages:

  '@next/env@14.2.4':
    resolution: {integrity: sha512-3EtkY5VDkuV2+lNmKlbkibIJxcO4oIHEhBWne6PaAp+76J9KoSsGvNikp6ivzAT8dhhBMYrm6op2pS1ApG0Hzg==}

  '@next/swc-darwin-arm64@14.2.4':
    resolution: {integrity: sha512-AH3mO4JlFUqsYcwFUHb1wAKlebHU/Hv2u2kb1pAuRanDZ7pD/A/KPD98RHZmwsJpdHQwfEc/06mgpSzwrJYnNg==}
    engines: {node: '>= 10'}
    cpu: [arm64]
    os: [darwin]

  '@next/swc-darwin-x64@14.2.4':
    resolution: {integrity: sha512-QVadW73sWIO6E2VroyUjuAxhWLZWEpiFqHdZdoQ/AMpN9YWGuHV8t2rChr0ahy+irKX5mlDU7OY68k3n4tAZTg==}
    engines: {node: '>= 10'}
    cpu: [x64]
    os: [darwin]

  '@next/swc-linux-arm64-gnu@14.2.4':
    resolution: {integrity: sha512-KT6GUrb3oyCfcfJ+WliXuJnD6pCpZiosx2X3k66HLR+DMoilRb76LpWPGb4tZprawTtcnyrv75ElD6VncVamUQ==}
    engines: {node: '>= 10'}
    cpu: [arm64]
    os: [linux]

  '@next/swc-linux-arm64-musl@14.2.4':
    resolution: {integrity: sha512-Alv8/XGSs/ytwQcbCHwze1HmiIkIVhDHYLjczSVrf0Wi2MvKn/blt7+S6FJitj3yTlMwMxII1gIJ9WepI4aZ/A==}
    engines: {node: '>= 10'}
    cpu: [arm64]
    os: [linux]

  '@next/swc-linux-x64-gnu@14.2.4':
    resolution: {integrity: sha512-ze0ShQDBPCqxLImzw4sCdfnB3lRmN3qGMB2GWDRlq5Wqy4G36pxtNOo2usu/Nm9+V2Rh/QQnrRc2l94kYFXO6Q==}
    engines: {node: '>= 10'}
    cpu: [x64]
    os: [linux]

  '@next/swc-linux-x64-musl@14.2.4':
    resolution: {integrity: sha512-8dwC0UJoc6fC7PX70csdaznVMNr16hQrTDAMPvLPloazlcaWfdPogq+UpZX6Drqb1OBlwowz8iG7WR0Tzk/diQ==}
    engines: {node: '>= 10'}
    cpu: [x64]
    os: [linux]

  '@next/swc-win32-arm64-msvc@14.2.4':
    resolution: {integrity: sha512-jxyg67NbEWkDyvM+O8UDbPAyYRZqGLQDTPwvrBBeOSyVWW/jFQkQKQ70JDqDSYg1ZDdl+E3nkbFbq8xM8E9x8A==}
    engines: {node: '>= 10'}
    cpu: [arm64]
    os: [win32]

  '@next/swc-win32-ia32-msvc@14.2.4':
    resolution: {integrity: sha512-twrmN753hjXRdcrZmZttb/m5xaCBFa48Dt3FbeEItpJArxriYDunWxJn+QFXdJ3hPkm4u7CKxncVvnmgQMY1ag==}
    engines: {node: '>= 10'}
    cpu: [ia32]
    os: [win32]

  '@next/swc-win32-x64-msvc@14.2.4':
    resolution: {integrity: sha512-tkLrjBzqFTP8DVrAAQmZelEahfR9OxWpFR++vAI9FBhCiIxtwHwBHC23SBHCTURBtwB4kc/x44imVOnkKGNVGg==}
    engines: {node: '>= 10'}
    cpu: [x64]
    os: [win32]

  '@opentelemetry/api-logs@0.46.0':
    resolution: {integrity: sha512-+9BcqfiEDGPXEIo+o3tso/aqGM5dGbGwAkGVp3FPpZ8GlkK1YlaKRd9gMVyPaeRATwvO5wYGGnCsAc/sMMM9Qw==}
    engines: {node: '>=14'}

  '@opentelemetry/api@1.9.0':
    resolution: {integrity: sha512-3giAOQvZiH5F9bMlMiv8+GSPMeqg0dbaeo58/0SlA9sxSqZhnUtxzX9/2FzyhS9sWQf5S0GJE0AKBrFqjpeYcg==}
    engines: {node: '>=8.0.0'}

  '@opentelemetry/core@1.19.0':
    resolution: {integrity: sha512-w42AukJh3TP8R0IZZOVJVM/kMWu8g+lm4LzT70WtuKqhwq7KVhcDzZZuZinWZa6TtQCl7Smt2wolEYzpHabOgw==}
    engines: {node: '>=14'}
    peerDependencies:
      '@opentelemetry/api': '>=1.0.0 <1.8.0'

  '@opentelemetry/core@1.25.1':
    resolution: {integrity: sha512-GeT/l6rBYWVQ4XArluLVB6WWQ8flHbdb6r2FCHC3smtdOAbrJBIv35tpV/yp9bmYUJf+xmZpu9DRTIeJVhFbEQ==}
    engines: {node: '>=14'}
    peerDependencies:
      '@opentelemetry/api': '>=1.0.0 <1.10.0'

  '@opentelemetry/instrumentation@0.46.0':
    resolution: {integrity: sha512-a9TijXZZbk0vI5TGLZl+0kxyFfrXHhX6Svtz7Pp2/VBlCSKrazuULEyoJQrOknJyFWNMEmbbJgOciHCCpQcisw==}
    engines: {node: '>=14'}
    peerDependencies:
      '@opentelemetry/api': ^1.3.0

  '@opentelemetry/resources@1.19.0':
    resolution: {integrity: sha512-RgxvKuuMOf7nctOeOvpDjt2BpZvZGr9Y0vf7eGtY5XYZPkh2p7e2qub1S2IArdBMf9kEbz0SfycqCviOu9isqg==}
    engines: {node: '>=14'}
    peerDependencies:
      '@opentelemetry/api': '>=1.0.0 <1.8.0'

  '@opentelemetry/resources@1.25.1':
    resolution: {integrity: sha512-pkZT+iFYIZsVn6+GzM0kSX+u3MSLCY9md+lIJOoKl/P+gJFfxJte/60Usdp8Ce4rOs8GduUpSPNe1ddGyDT1sQ==}
    engines: {node: '>=14'}
    peerDependencies:
      '@opentelemetry/api': '>=1.0.0 <1.10.0'

  '@opentelemetry/sdk-logs@0.46.0':
    resolution: {integrity: sha512-Knlyk4+G72uEzNh6GRN1Fhmrj+/rkATI5/lOrevN7zRDLgp4kfyZBGGoWk7w+qQjlYvwhIIdPVxlIcipivdZIg==}
    engines: {node: '>=14'}
    peerDependencies:
      '@opentelemetry/api': '>=1.4.0 <1.8.0'
      '@opentelemetry/api-logs': '>=0.39.1'

  '@opentelemetry/sdk-metrics@1.25.1':
    resolution: {integrity: sha512-9Mb7q5ioFL4E4dDrc4wC/A3NTHDat44v4I3p2pLPSxRvqUbDIQyMVr9uK+EU69+HWhlET1VaSrRzwdckWqY15Q==}
    engines: {node: '>=14'}
    peerDependencies:
      '@opentelemetry/api': '>=1.3.0 <1.10.0'

  '@opentelemetry/sdk-trace-base@1.25.1':
    resolution: {integrity: sha512-C8k4hnEbc5FamuZQ92nTOp8X/diCY56XUTnMiv9UTuJitCzaNNHAVsdm5+HLCdI8SLQsLWIrG38tddMxLVoftw==}
    engines: {node: '>=14'}
    peerDependencies:
      '@opentelemetry/api': '>=1.0.0 <1.10.0'

  '@opentelemetry/semantic-conventions@1.19.0':
    resolution: {integrity: sha512-14jRpC8f5c0gPSwoZ7SbEJni1PqI+AhAE8m1bMz6v+RPM4OlP1PT2UHBJj5Qh/ALLPjhVU/aZUK3YyjTUqqQVg==}
    engines: {node: '>=14'}

  '@opentelemetry/semantic-conventions@1.25.1':
    resolution: {integrity: sha512-ZDjMJJQRlyk8A1KZFCc+bCbsyrn1wTwdNt56F7twdfUfnHUZUq77/WfONCj8p72NZOyP7pNTdUWSTYC3GTbuuQ==}
    engines: {node: '>=14'}

  '@swc/counter@0.1.3':
    resolution: {integrity: sha512-e2BR4lsJkkRlKZ/qCHPw9ZaSxc0MVUd7gtbtaB7aMvHeJVYe8sOB8DBZkP2DtISHGSku9sCK6T6cnY0CtXrOCQ==}

  '@swc/helpers@0.5.5':
    resolution: {integrity: sha512-KGYxvIOXcceOAbEk4bi/dVLEK9z8sZ0uBB3Il5b1rhfClSpcX0yfRO0KmTkqR2cnQDymwLB+25ZyMzICg/cm/A==}

  '@types/node@20.12.12':
    resolution: {integrity: sha512-eWLDGF/FOSPtAvEqeRAQ4C8LSA7M1I7i0ky1I8U7kD1J5ITyW3AsRhQrKVoWf5pFKZ2kILsEGJhsI9r93PYnOw==}

  '@types/prop-types@15.7.12':
    resolution: {integrity: sha512-5zvhXYtRNRluoE/jAp4GVsSduVUzNWKkOZrCDBWYtE7biZywwdC2AcEzg+cSMLFRfVgeAFqpfNabiPjxFddV1Q==}

  '@types/react-dom@18.3.0':
    resolution: {integrity: sha512-EhwApuTmMBmXuFOikhQLIBUn6uFg81SwLMOAUgodJF14SOBOCMdU04gDoYi0WOJJHD144TL32z4yDqCW3dnkQg==}

  '@types/react@18.3.3':
    resolution: {integrity: sha512-hti/R0pS0q1/xx+TsI73XIqk26eBsISZ2R0wUijXIngRK9R/e7Xw/cXVxQK7R5JjW+SV4zGcn5hXjudkN/pLIw==}

  '@types/shimmer@1.0.5':
    resolution: {integrity: sha512-9Hp0ObzwwO57DpLFF0InUjUm/II8GmKAvzbefxQTihCb7KI6yc9yzf0nLc4mVdby5N4DRCgQM2wCup9KTieeww==}

  '@vercel/otel@1.8.3':
    resolution: {integrity: sha512-cyTpXDMeTSb56XS4+DnoHwZVDGgOzZbIizKBJN9JA/1jhw7VzygmLUD8iwPyJVB3YNWVrIXgSq1TM9OMrpbAxQ==}
    engines: {node: '>=18'}
    peerDependencies:
      '@opentelemetry/api': ^1.7.0
      '@opentelemetry/api-logs': ^0.46.0
      '@opentelemetry/instrumentation': ^0.46.0
      '@opentelemetry/resources': ^1.19.0
      '@opentelemetry/sdk-logs': ^0.46.0
      '@opentelemetry/sdk-metrics': ^1.19.0
      '@opentelemetry/sdk-trace-base': ^1.19.0

  acorn-import-assertions@1.9.0:
    resolution: {integrity: sha512-cmMwop9x+8KFhxvKrKfPYmN6/pKTYYHBqLa0DfvVZcKMJWNyWLnaqND7dx/qn66R7ewM1UX5XMaDVP5wlVTaVA==}
    peerDependencies:
      acorn: ^8

  acorn@8.12.0:
    resolution: {integrity: sha512-RTvkC4w+KNXrM39/lWCUaG0IbRkWdCv7W/IOW9oU6SawyxulvkQy5HQPVTKxEjczcUvapcrw3cFx/60VN/NRNw==}
    engines: {node: '>=0.4.0'}
    hasBin: true

  busboy@1.6.0:
    resolution: {integrity: sha512-8SFQbg/0hQ9xy3UNTB0YEnsNBbWfhf7RtnzpL7TkBiTBRfrQ9Fxcnz7VJsleJpyp6rVLvXiuORqjlHi5q+PYuA==}
    engines: {node: '>=10.16.0'}

  caniuse-lite@1.0.30001636:
    resolution: {integrity: sha512-bMg2vmr8XBsbL6Lr0UHXy/21m84FTxDLWn2FSqMd5PrlbMxwJlQnC2YWYxVgp66PZE+BBNF2jYQUBKCo1FDeZg==}

  cjs-module-lexer@1.3.1:
    resolution: {integrity: sha512-a3KdPAANPbNE4ZUv9h6LckSl9zLsYOP4MBmhIPkRaeyybt+r4UghLvq+xw/YwUcC1gqylCkL4rdVs3Lwupjm4Q==}

  client-only@0.0.1:
    resolution: {integrity: sha512-IV3Ou0jSMzZrd3pZ48nLkT9DA7Ag1pnPzaiQhpW7c3RbcqqzvzzVu+L8gfqMp/8IM2MQtSiqaCxrrcfu8I8rMA==}

  csstype@3.1.3:
    resolution: {integrity: sha512-M1uQkMl8rQK/szD0LNhtqxIPLpimGm8sOBwU7lLnCpSbTyY3yeU1Vc7l4KT5zT4s/yOxHH5O7tIuuLOCnLADRw==}

  debug@4.3.5:
    resolution: {integrity: sha512-pt0bNEmneDIvdL1Xsd9oDQ/wrQRkXDT4AUWlNZNPKvW5x/jyO9VFXkJUP07vQ2upmw5PlaITaPKc31jK13V+jg==}
    engines: {node: '>=6.0'}
    peerDependencies:
      supports-color: '*'
    peerDependenciesMeta:
      supports-color:
        optional: true

  function-bind@1.1.2:
    resolution: {integrity: sha512-7XHNxH7qX9xG5mIwxkhumTox/MIRNcOgDrxWsMt2pAr23WHp6MrRlN7FBSFpCpr+oVO0F744iUgR82nJMfG2SA==}

  graceful-fs@4.2.11:
    resolution: {integrity: sha512-RbJ5/jmFcNNCcDV5o9eTnBLJ/HszWV0P73bc+Ff4nS/rJj+YaS6IGyiOL0VoBYX+l1Wrl3k63h/KrH+nhJ0XvQ==}

  hasown@2.0.2:
    resolution: {integrity: sha512-0hJU9SCPvmMzIBdZFqNPXWa6dqh7WdH0cII9y+CyS8rG3nL48Bclra9HmKhVVUHyPWNH5Y7xDwAB7bfgSjkUMQ==}
    engines: {node: '>= 0.4'}

  import-in-the-middle@1.7.1:
    resolution: {integrity: sha512-1LrZPDtW+atAxH42S6288qyDFNQ2YCty+2mxEPRtfazH6Z5QwkaBSTS2ods7hnVJioF6rkRfNoA6A/MstpFXLg==}

  is-core-module@2.13.1:
    resolution: {integrity: sha512-hHrIjvZsftOsvKSn2TRYl63zvxsgE0K+0mYMoH6gD4omR5IWB2KynivBQczo3+wF1cCkjzvptnI9Q0sPU66ilw==}

  lodash.merge@4.6.2:
    resolution: {integrity: sha512-0KpjqXRVvrYyCsX1swR/XTK0va6VQkQM6MNo7PqW77ByjAhoARA8EfrP1N4+KlKj8YS0ZUCtRT/YUuhyYDujIQ==}

  module-details-from-path@1.0.3:
    resolution: {integrity: sha512-ySViT69/76t8VhE1xXHK6Ch4NcDd26gx0MzKXLO+F7NOtnqH68d9zF94nT8ZWSxXh8ELOERsnJO/sWt1xZYw5A==}

  ms@2.1.2:
    resolution: {integrity: sha512-sGkPx+VjMtmA6MX27oA4FBFELFCZZ4S4XqeGOXCv68tT+jb3vk/RyaKWP0PTKyWtmLSM0b+adUTEvbs1PEaH2w==}

  nanoid@3.3.7:
    resolution: {integrity: sha512-eSRppjcPIatRIMC1U6UngP8XFcz8MQWGQdt1MTBQ7NaAmvXDfvNxbvWV3x2y6CdEUciCSsDHDQZbhYaB8QEo2g==}
    engines: {node: ^10 || ^12 || ^13.7 || ^14 || >=15.0.1}
    hasBin: true

  next@14.2.4:
    resolution: {integrity: sha512-R8/V7vugY+822rsQGQCjoLhMuC9oFj9SOi4Cl4b2wjDrseD0LRZ10W7R6Czo4w9ZznVSshKjuIomsRjvm9EKJQ==}
    engines: {node: '>=18.17.0'}
    hasBin: true
    peerDependencies:
      '@opentelemetry/api': ^1.1.0
      '@playwright/test': ^1.41.2
      react: ^18.2.0
      react-dom: ^18.2.0
      sass: ^1.3.0
    peerDependenciesMeta:
      '@opentelemetry/api':
        optional: true
      '@playwright/test':
        optional: true
      sass:
        optional: true

  path-parse@1.0.7:
    resolution: {integrity: sha512-LDJzPVEEEPR+y48z93A0Ed0yXb8pAByGWo/k5YYdYgpY2/2EsOsksJrq7lOHxryrVOn1ejG6oAp8ahvOIQD8sw==}

  picocolors@1.0.1:
    resolution: {integrity: sha512-anP1Z8qwhkbmu7MFP5iTt+wQKXgwzf7zTyGlcdzabySa9vd0Xt392U0rVmz9poOaBj0uHJKyyo9/upk0HrEQew==}

  postcss@8.4.31:
    resolution: {integrity: sha512-PS08Iboia9mts/2ygV3eLpY5ghnUcfLV/EXTOW1E2qYxJKGGBUtNjN76FYHnMs36RmARn41bC0AZmn+rR0OVpQ==}
    engines: {node: ^10 || ^12 || >=14}

  react-dom@19.0.0-rc-6f23540c7d-20240528:
    resolution: {integrity: sha512-TPZ7f0MYH/y51jHuPx0UdMH+WdZ7xX1UOcydOZWpjbjs2GXSgJFV2ilIm7FUSinHB6DSoGFVxhPqm1sa63IkbA==}
    peerDependencies:
      react: 19.0.0-rc-6f23540c7d-20240528

  react@19.0.0-rc-6f23540c7d-20240528:
    resolution: {integrity: sha512-fo4drQwFP/R7ZJF5USwhn8YccEqOiH9C1ci5Jg7iM2+5pId8Bjcno+dDT/Cv5iYGmgwZzQIa+EwczD5IHEsmQA==}
    engines: {node: '>=0.10.0'}

  require-in-the-middle@7.3.0:
    resolution: {integrity: sha512-nQFEv9gRw6SJAwWD2LrL0NmQvAcO7FBwJbwmr2ttPAacfy0xuiOjE5zt+zM4xDyuyvUaxBi/9gb2SoCyNEVJcw==}
    engines: {node: '>=8.6.0'}

  resolve@1.22.8:
    resolution: {integrity: sha512-oKWePCxqpd6FlLvGV1VU0x7bkPmmCNolxzjMf4NczoDnQcIWrAF+cPtZn5i6n+RfD2d9i0tzpKnG6Yk168yIyw==}
    hasBin: true

  scheduler@0.25.0-rc-6f23540c7d-20240528:
    resolution: {integrity: sha512-5V2Aa+F16Qe+kT1zjwxPzBRoF6/xjw+LU9L2c1j2Dzw2GTiLEV8DxG3RAkRN8Lm5jlqbyK9ivRH3GGtipy+a6Q==}

  semver@7.6.2:
    resolution: {integrity: sha512-FNAIBWCx9qcRhoHcgcJ0gvU7SN1lYU2ZXuSfl04bSC5OpvDHFyJCjdNHomPXxjQlCBU67YW64PzY7/VIEH7F2w==}
    engines: {node: '>=10'}
    hasBin: true

  shimmer@1.2.1:
    resolution: {integrity: sha512-sQTKC1Re/rM6XyFM6fIAGHRPVGvyXfgzIDvzoq608vM+jeyVD0Tu1E6Np0Kc2zAIFWIj963V2800iF/9LPieQw==}

  source-map-js@1.2.0:
    resolution: {integrity: sha512-itJW8lvSA0TXEphiRoawsCksnlf8SyvmFzIhltqAHluXd88pkCd+cXJVHTDwdCr0IzwptSm035IHQktUu1QUMg==}
    engines: {node: '>=0.10.0'}

  streamsearch@1.1.0:
    resolution: {integrity: sha512-Mcc5wHehp9aXz1ax6bZUyY5afg9u2rv5cqQI3mRrYkGC8rW2hM02jWuwjtL++LS5qinSyhj2QfLyNsuc+VsExg==}
    engines: {node: '>=10.0.0'}

  styled-jsx@5.1.1:
    resolution: {integrity: sha512-pW7uC1l4mBZ8ugbiZrcIsiIvVx1UmTfw7UkC3Um2tmfUq9Bhk8IiyEIPl6F8agHgjzku6j0xQEZbfA5uSgSaCw==}
    engines: {node: '>= 12.0.0'}
    peerDependencies:
      '@babel/core': '*'
      babel-plugin-macros: '*'
      react: '>= 16.8.0 || 17.x.x || ^18.0.0-0'
    peerDependenciesMeta:
      '@babel/core':
        optional: true
      babel-plugin-macros:
        optional: true

  supports-preserve-symlinks-flag@1.0.0:
    resolution: {integrity: sha512-ot0WnXS9fgdkgIcePe6RHNk1WA8+muPa6cSjeR3V8K27q9BB1rTE3R1p7Hv0z1ZyAc8s6Vvv8DIyWf681MAt0w==}
    engines: {node: '>= 0.4'}

  tslib@2.6.3:
    resolution: {integrity: sha512-xNvxJEOUiWPGhUuUdQgAJPKOOJfGnIyKySOc09XkKsgdUV/3E2zvwZYdejjmRgPCgcym1juLH3226yA7sEFJKQ==}

  typescript@5.3.3:
    resolution: {integrity: sha512-pXWcraxM0uxAS+tN0AG/BF2TyqmHO014Z070UsJ+pFvYuRSq8KH8DmWpnbXe0pEPDHXZV3FcAbJkijJ5oNEnWw==}
    engines: {node: '>=14.17'}
    hasBin: true

  undici-types@5.26.5:
    resolution: {integrity: sha512-JlCMO+ehdEIKqlFxk6IfVoAUVmgz7cU7zD/h9XZ0qzeosSHmUJVOzSQvvYSYWXkFXC+IfLKSIffhv0sVZup6pA==}

snapshots:

  '@next/env@14.2.4': {}

  '@next/swc-darwin-arm64@14.2.4':
    optional: true

  '@next/swc-darwin-x64@14.2.4':
    optional: true

  '@next/swc-linux-arm64-gnu@14.2.4':
    optional: true

  '@next/swc-linux-arm64-musl@14.2.4':
    optional: true

  '@next/swc-linux-x64-gnu@14.2.4':
    optional: true

  '@next/swc-linux-x64-musl@14.2.4':
    optional: true

  '@next/swc-win32-arm64-msvc@14.2.4':
    optional: true

  '@next/swc-win32-ia32-msvc@14.2.4':
    optional: true

  '@next/swc-win32-x64-msvc@14.2.4':
    optional: true

  '@opentelemetry/api-logs@0.46.0':
    dependencies:
      '@opentelemetry/api': 1.9.0

  '@opentelemetry/api@1.9.0': {}

  '@opentelemetry/core@1.19.0(@opentelemetry/api@1.9.0)':
    dependencies:
      '@opentelemetry/api': 1.9.0
      '@opentelemetry/semantic-conventions': 1.19.0

  '@opentelemetry/core@1.25.1(@opentelemetry/api@1.9.0)':
    dependencies:
      '@opentelemetry/api': 1.9.0
      '@opentelemetry/semantic-conventions': 1.25.1

  '@opentelemetry/instrumentation@0.46.0(@opentelemetry/api@1.9.0)':
    dependencies:
      '@opentelemetry/api': 1.9.0
      '@types/shimmer': 1.0.5
      import-in-the-middle: 1.7.1
      require-in-the-middle: 7.3.0
      semver: 7.6.2
      shimmer: 1.2.1
    transitivePeerDependencies:
      - supports-color

  '@opentelemetry/resources@1.19.0(@opentelemetry/api@1.9.0)':
    dependencies:
      '@opentelemetry/api': 1.9.0
      '@opentelemetry/core': 1.19.0(@opentelemetry/api@1.9.0)
      '@opentelemetry/semantic-conventions': 1.19.0

  '@opentelemetry/resources@1.25.1(@opentelemetry/api@1.9.0)':
    dependencies:
      '@opentelemetry/api': 1.9.0
      '@opentelemetry/core': 1.25.1(@opentelemetry/api@1.9.0)
      '@opentelemetry/semantic-conventions': 1.25.1

  '@opentelemetry/sdk-logs@0.46.0(@opentelemetry/api-logs@0.46.0)(@opentelemetry/api@1.9.0)':
    dependencies:
      '@opentelemetry/api': 1.9.0
      '@opentelemetry/api-logs': 0.46.0
      '@opentelemetry/core': 1.19.0(@opentelemetry/api@1.9.0)
      '@opentelemetry/resources': 1.19.0(@opentelemetry/api@1.9.0)

  '@opentelemetry/sdk-metrics@1.25.1(@opentelemetry/api@1.9.0)':
    dependencies:
      '@opentelemetry/api': 1.9.0
      '@opentelemetry/core': 1.25.1(@opentelemetry/api@1.9.0)
      '@opentelemetry/resources': 1.25.1(@opentelemetry/api@1.9.0)
      lodash.merge: 4.6.2

  '@opentelemetry/sdk-trace-base@1.25.1(@opentelemetry/api@1.9.0)':
    dependencies:
      '@opentelemetry/api': 1.9.0
      '@opentelemetry/core': 1.25.1(@opentelemetry/api@1.9.0)
      '@opentelemetry/resources': 1.25.1(@opentelemetry/api@1.9.0)
      '@opentelemetry/semantic-conventions': 1.25.1

  '@opentelemetry/semantic-conventions@1.19.0': {}

  '@opentelemetry/semantic-conventions@1.25.1': {}

  '@swc/counter@0.1.3': {}

  '@swc/helpers@0.5.5':
    dependencies:
      '@swc/counter': 0.1.3
      tslib: 2.6.3

  '@types/node@20.12.12':
    dependencies:
      undici-types: 5.26.5

  '@types/prop-types@15.7.12': {}

  '@types/react-dom@18.3.0':
    dependencies:
      '@types/react': 18.3.3

  '@types/react@18.3.3':
    dependencies:
      '@types/prop-types': 15.7.12
      csstype: 3.1.3

  '@types/shimmer@1.0.5': {}

  '@vercel/otel@1.8.3(@opentelemetry/api-logs@0.46.0)(@opentelemetry/api@1.9.0)(@opentelemetry/instrumentation@0.46.0(@opentelemetry/api@1.9.0))(@opentelemetry/resources@1.25.1(@opentelemetry/api@1.9.0))(@opentelemetry/sdk-logs@0.46.0(@opentelemetry/api-logs@0.46.0)(@opentelemetry/api@1.9.0))(@opentelemetry/sdk-metrics@1.25.1(@opentelemetry/api@1.9.0))(@opentelemetry/sdk-trace-base@1.25.1(@opentelemetry/api@1.9.0))':
    dependencies:
      '@opentelemetry/api': 1.9.0
      '@opentelemetry/api-logs': 0.46.0
      '@opentelemetry/instrumentation': 0.46.0(@opentelemetry/api@1.9.0)
      '@opentelemetry/resources': 1.25.1(@opentelemetry/api@1.9.0)
      '@opentelemetry/sdk-logs': 0.46.0(@opentelemetry/api-logs@0.46.0)(@opentelemetry/api@1.9.0)
      '@opentelemetry/sdk-metrics': 1.25.1(@opentelemetry/api@1.9.0)
      '@opentelemetry/sdk-trace-base': 1.25.1(@opentelemetry/api@1.9.0)

  acorn-import-assertions@1.9.0(acorn@8.12.0):
    dependencies:
      acorn: 8.12.0

  acorn@8.12.0: {}

  busboy@1.6.0:
    dependencies:
      streamsearch: 1.1.0

  caniuse-lite@1.0.30001636: {}

  cjs-module-lexer@1.3.1: {}

  client-only@0.0.1: {}

  csstype@3.1.3: {}

  debug@4.3.5:
    dependencies:
      ms: 2.1.2

  function-bind@1.1.2: {}

  graceful-fs@4.2.11: {}

  hasown@2.0.2:
    dependencies:
      function-bind: 1.1.2

  import-in-the-middle@1.7.1:
    dependencies:
      acorn: 8.12.0
      acorn-import-assertions: 1.9.0(acorn@8.12.0)
      cjs-module-lexer: 1.3.1
      module-details-from-path: 1.0.3

  is-core-module@2.13.1:
    dependencies:
      hasown: 2.0.2

  lodash.merge@4.6.2: {}

  module-details-from-path@1.0.3: {}

  ms@2.1.2: {}

  nanoid@3.3.7: {}

  next@14.2.4(@opentelemetry/api@1.9.0)(react-dom@19.0.0-rc-6f23540c7d-20240528(react@19.0.0-rc-6f23540c7d-20240528))(react@19.0.0-rc-6f23540c7d-20240528):
    dependencies:
      '@next/env': 14.2.4
      '@swc/helpers': 0.5.5
      busboy: 1.6.0
      caniuse-lite: 1.0.30001636
      graceful-fs: 4.2.11
      postcss: 8.4.31
      react: 19.0.0-rc-6f23540c7d-20240528
      react-dom: 19.0.0-rc-6f23540c7d-20240528(react@19.0.0-rc-6f23540c7d-20240528)
      styled-jsx: 5.1.1(react@19.0.0-rc-6f23540c7d-20240528)
    optionalDependencies:
      '@next/swc-darwin-arm64': 14.2.4
      '@next/swc-darwin-x64': 14.2.4
      '@next/swc-linux-arm64-gnu': 14.2.4
      '@next/swc-linux-arm64-musl': 14.2.4
      '@next/swc-linux-x64-gnu': 14.2.4
      '@next/swc-linux-x64-musl': 14.2.4
      '@next/swc-win32-arm64-msvc': 14.2.4
      '@next/swc-win32-ia32-msvc': 14.2.4
      '@next/swc-win32-x64-msvc': 14.2.4
      '@opentelemetry/api': 1.9.0
    transitivePeerDependencies:
      - '@babel/core'
      - babel-plugin-macros

  path-parse@1.0.7: {}

  picocolors@1.0.1: {}

  postcss@8.4.31:
    dependencies:
      nanoid: 3.3.7
      picocolors: 1.0.1
      source-map-js: 1.2.0

  react-dom@19.0.0-rc-6f23540c7d-20240528(react@19.0.0-rc-6f23540c7d-20240528):
    dependencies:
      react: 19.0.0-rc-6f23540c7d-20240528
      scheduler: 0.25.0-rc-6f23540c7d-20240528

  react@19.0.0-rc-6f23540c7d-20240528: {}

  require-in-the-middle@7.3.0:
    dependencies:
      debug: 4.3.5
      module-details-from-path: 1.0.3
      resolve: 1.22.8
    transitivePeerDependencies:
      - supports-color

  resolve@1.22.8:
    dependencies:
      is-core-module: 2.13.1
      path-parse: 1.0.7
      supports-preserve-symlinks-flag: 1.0.0

  scheduler@0.25.0-rc-6f23540c7d-20240528: {}

  semver@7.6.2: {}

  shimmer@1.2.1: {}

  source-map-js@1.2.0: {}

  streamsearch@1.1.0: {}

  styled-jsx@5.1.1(react@19.0.0-rc-6f23540c7d-20240528):
    dependencies:
      client-only: 0.0.1
      react: 19.0.0-rc-6f23540c7d-20240528

  supports-preserve-symlinks-flag@1.0.0: {}

  tslib@2.6.3: {}

  typescript@5.3.3: {}

  undici-types@5.26.5: {}
